{
  "version": 4,
  "terraform_version": "1.4.6",
  "serial": 10,
  "lineage": "1fd13ebe-e12a-8dc1-ceef-64822a34b7e2",
  "outputs": {
    "k8s_app_ip": {
      "value": "84.201.130.140",
      "type": "string"
    },
    "k8s_master_ip": {
      "value": "178.154.202.45",
      "type": "string"
    },
    "srv_ip": {
      "value": "178.154.231.141",
      "type": "string"
    }
  },
  "resources": [
    {
      "mode": "managed",
      "type": "yandex_compute_instance",
      "name": "vm",
      "provider": "provider[\"registry.terraform.io/yandex-cloud/yandex\"]",
      "instances": [
        {
          "index_key": 0,
          "schema_version": 1,
          "attributes": {
            "allow_recreate": null,
            "allow_stopping_for_update": null,
            "boot_disk": [
              {
                "auto_delete": true,
                "device_name": "fhmiusatt72lnbhu2l80",
                "disk_id": "fhmiusatt72lnbhu2l80",
                "initialize_params": [
                  {
                    "block_size": 4096,
                    "description": "",
                    "image_id": "fd8s5s9gei5cqi6dvjmv",
                    "kms_key_id": "",
                    "name": "",
                    "size": 20,
                    "snapshot_id": "",
                    "type": "network-hdd"
                  }
                ],
                "mode": "READ_WRITE"
              }
            ],
            "created_at": "2026-01-15T14:13:42Z",
            "description": "",
            "filesystem": [],
            "folder_id": "b1g3ag04edhdhiulkvju",
            "fqdn": "fhm0v26d8o91skinmbmb.auto.internal",
            "gpu_cluster_id": "",
            "hardware_generation": [
              {
                "generation2_features": [],
                "legacy_features": [
                  {
                    "pci_topology": "PCI_TOPOLOGY_V2"
                  }
                ]
              }
            ],
            "hostname": "",
            "id": "fhm0v26d8o91skinmbmb",
            "labels": null,
            "local_disk": [],
            "maintenance_grace_period": "",
            "maintenance_policy": null,
            "metadata": {
              "ssh-keys": "ubuntu:ssh-rsa AAAAB3NzaC1yc2EAAAADAQABAAACAQC0+NXLdVbCV6Svc5nbTR6xve7+890J1rpcszOphR+VDx9QPEGoPAEbMsxf0LiO+WX9/cqgJ/VO0x2HSgcWlbgqXAXv0oQsomyU/bPdHdNniE2S8K6ioeupneXXCnFrQ1mdc8bl1wY9RIBAaFXTC2BKz5hBvjEfg2mPAIqKTpor+j7a8Ac2iyoqciZwAFHjJDNKVRzpQGN+MvxC72i3uEqXq/W/HWS9CK4m1+1FRhnzX5fWuNebKTXBWr9zroDOEMgPrtLt7xiVhRFDbdTNv9zJntVfOUXZeOOBHszie4cBLzuLA6pIHM5EC11uAG57xWImYHRfG/uT17b6xcyX/kQJuQzUtr42E0FSMK0132VldjbI+OnmMV24h0rLoZBKUYo9Ui0S6gQhazO7Bvt9e5jtR68K6CwjJ/IxsB7UWq+8LS+IdrGuETZnGXoAZfYwnvw7ZnN/CuDbs2vNNWi1IgGPQdQRZTqYqwjxBzt4lQPWSOCdKTM3Fst9lFD2PNVrQuZl2kkjpZCJRybX49LRprpVU4WkdcrYmf4g7s8xmzDy46Mv6tHPfd7JGRguHXLSLRasEEwf//IBx5gVImmg+n5GgQm8mfxsbbGCwfzsh0UcrLwNkhTov/KWxJ0jPb1TmNdxi5fc2QYaMb5OOKzGjdP297yNdaFjCmZmhW6L4FzILQ== chris@chris1"
            },
            "metadata_options": [
              {
                "aws_v1_http_endpoint": 1,
                "aws_v1_http_token": 2,
                "gce_http_endpoint": 1,
                "gce_http_token": 1
              }
            ],
            "name": "k8s-master",
            "network_acceleration_type": "standard",
            "network_interface": [
              {
                "dns_record": [],
                "index": 0,
                "ip_address": "10.0.0.11",
                "ipv4": true,
                "ipv6": false,
                "ipv6_address": "",
                "ipv6_dns_record": [],
                "mac_address": "d0:0d:f8:8c:d4:61",
                "nat": true,
                "nat_dns_record": [],
                "nat_ip_address": "178.154.202.45",
                "nat_ip_version": "IPV4",
                "security_group_ids": null,
                "subnet_id": "e9bhjrn1blfgbam4ojse"
              }
            ],
            "placement_policy": [
              {
                "host_affinity_rules": [],
                "placement_group_id": "",
                "placement_group_partition": 0
              }
            ],
            "platform_id": "standard-v1",
            "resources": [
              {
                "core_fraction": 100,
                "cores": 2,
                "gpus": 0,
                "memory": 4
              }
            ],
            "scheduling_policy": [
              {
                "preemptible": true
              }
            ],
            "secondary_disk": [],
            "service_account_id": "",
            "status": "running",
            "timeouts": null,
            "zone": "ru-central1-a"
          },
          "sensitive_attributes": [],
          "private": "eyJlMmJmYjczMC1lY2FhLTExZTYtOGY4OC0zNDM2M2JjN2M0YzAiOnsiY3JlYXRlIjozMDAwMDAwMDAwMDAsImRlbGV0ZSI6MzAwMDAwMDAwMDAwLCJ1cGRhdGUiOjMwMDAwMDAwMDAwMH0sInNjaGVtYV92ZXJzaW9uIjoiMSJ9",
          "dependencies": [
            "yandex_vpc_subnet.subnet"
          ]
        },
        {
          "index_key": 1,
          "schema_version": 1,
          "attributes": {
            "allow_recreate": null,
            "allow_stopping_for_update": null,
            "boot_disk": [
              {
                "auto_delete": true,
                "device_name": "fhm8h51alm9br10qn4ec",
                "disk_id": "fhm8h51alm9br10qn4ec",
                "initialize_params": [
                  {
                    "block_size": 4096,
                    "description": "",
                    "image_id": "fd8s5s9gei5cqi6dvjmv",
                    "kms_key_id": "",
                    "name": "",
                    "size": 20,
                    "snapshot_id": "",
                    "type": "network-hdd"
                  }
                ],
                "mode": "READ_WRITE"
              }
            ],
            "created_at": "2026-01-15T14:13:42Z",
            "description": "",
            "filesystem": [],
            "folder_id": "b1g3ag04edhdhiulkvju",
            "fqdn": "fhmga0jc9qi0ba15isgp.auto.internal",
            "gpu_cluster_id": "",
            "hardware_generation": [
              {
                "generation2_features": [],
                "legacy_features": [
                  {
                    "pci_topology": "PCI_TOPOLOGY_V2"
                  }
                ]
              }
            ],
            "hostname": "",
            "id": "fhmga0jc9qi0ba15isgp",
            "labels": null,
            "local_disk": [],
            "maintenance_grace_period": "",
            "maintenance_policy": null,
            "metadata": {
              "ssh-keys": "ubuntu:ssh-rsa AAAAB3NzaC1yc2EAAAADAQABAAACAQC0+NXLdVbCV6Svc5nbTR6xve7+890J1rpcszOphR+VDx9QPEGoPAEbMsxf0LiO+WX9/cqgJ/VO0x2HSgcWlbgqXAXv0oQsomyU/bPdHdNniE2S8K6ioeupneXXCnFrQ1mdc8bl1wY9RIBAaFXTC2BKz5hBvjEfg2mPAIqKTpor+j7a8Ac2iyoqciZwAFHjJDNKVRzpQGN+MvxC72i3uEqXq/W/HWS9CK4m1+1FRhnzX5fWuNebKTXBWr9zroDOEMgPrtLt7xiVhRFDbdTNv9zJntVfOUXZeOOBHszie4cBLzuLA6pIHM5EC11uAG57xWImYHRfG/uT17b6xcyX/kQJuQzUtr42E0FSMK0132VldjbI+OnmMV24h0rLoZBKUYo9Ui0S6gQhazO7Bvt9e5jtR68K6CwjJ/IxsB7UWq+8LS+IdrGuETZnGXoAZfYwnvw7ZnN/CuDbs2vNNWi1IgGPQdQRZTqYqwjxBzt4lQPWSOCdKTM3Fst9lFD2PNVrQuZl2kkjpZCJRybX49LRprpVU4WkdcrYmf4g7s8xmzDy46Mv6tHPfd7JGRguHXLSLRasEEwf//IBx5gVImmg+n5GgQm8mfxsbbGCwfzsh0UcrLwNkhTov/KWxJ0jPb1TmNdxi5fc2QYaMb5OOKzGjdP297yNdaFjCmZmhW6L4FzILQ== chris@chris1"
            },
            "metadata_options": [
              {
                "aws_v1_http_endpoint": 1,
                "aws_v1_http_token": 2,
                "gce_http_endpoint": 1,
                "gce_http_token": 1
              }
            ],
            "name": "k8s-app",
            "network_acceleration_type": "standard",
            "network_interface": [
              {
                "dns_record": [],
                "index": 0,
                "ip_address": "10.0.0.8",
                "ipv4": true,
                "ipv6": false,
                "ipv6_address": "",
                "ipv6_dns_record": [],
                "mac_address": "d0:0d:10:50:26:c4",
                "nat": true,
                "nat_dns_record": [],
                "nat_ip_address": "84.201.130.140",
                "nat_ip_version": "IPV4",
                "security_group_ids": null,
                "subnet_id": "e9bhjrn1blfgbam4ojse"
              }
            ],
            "placement_policy": [
              {
                "host_affinity_rules": [],
                "placement_group_id": "",
                "placement_group_partition": 0
              }
            ],
            "platform_id": "standard-v1",
            "resources": [
              {
                "core_fraction": 100,
                "cores": 2,
                "gpus": 0,
                "memory": 4
              }
            ],
            "scheduling_policy": [
              {
                "preemptible": true
              }
            ],
            "secondary_disk": [],
            "service_account_id": "",
            "status": "running",
            "timeouts": null,
            "zone": "ru-central1-a"
          },
          "sensitive_attributes": [],
          "private": "eyJlMmJmYjczMC1lY2FhLTExZTYtOGY4OC0zNDM2M2JjN2M0YzAiOnsiY3JlYXRlIjozMDAwMDAwMDAwMDAsImRlbGV0ZSI6MzAwMDAwMDAwMDAwLCJ1cGRhdGUiOjMwMDAwMDAwMDAwMH0sInNjaGVtYV92ZXJzaW9uIjoiMSJ9",
          "dependencies": [
            "yandex_vpc_subnet.subnet"
          ]
        },
        {
          "index_key": 2,
          "schema_version": 1,
          "attributes": {
            "allow_recreate": null,
            "allow_stopping_for_update": null,
            "boot_disk": [
              {
                "auto_delete": true,
                "device_name": "fhmo5l3nmg4hthn0b7j5",
                "disk_id": "fhmo5l3nmg4hthn0b7j5",
                "initialize_params": [
                  {
                    "block_size": 4096,
                    "description": "",
                    "image_id": "fd8s5s9gei5cqi6dvjmv",
                    "kms_key_id": "",
                    "name": "",
                    "size": 20,
                    "snapshot_id": "",
                    "type": "network-hdd"
                  }
                ],
                "mode": "READ_WRITE"
              }
            ],
            "created_at": "2026-01-15T14:13:42Z",
            "description": "",
            "filesystem": [],
            "folder_id": "b1g3ag04edhdhiulkvju",
            "fqdn": "fhm68k595pfijfomnlgq.auto.internal",
            "gpu_cluster_id": "",
            "hardware_generation": [
              {
                "generation2_features": [],
                "legacy_features": [
                  {
                    "pci_topology": "PCI_TOPOLOGY_V2"
                  }
                ]
              }
            ],
            "hostname": "",
            "id": "fhm68k595pfijfomnlgq",
            "labels": null,
            "local_disk": [],
            "maintenance_grace_period": "",
            "maintenance_policy": null,
            "metadata": {
              "ssh-keys": "ubuntu:ssh-rsa AAAAB3NzaC1yc2EAAAADAQABAAACAQC0+NXLdVbCV6Svc5nbTR6xve7+890J1rpcszOphR+VDx9QPEGoPAEbMsxf0LiO+WX9/cqgJ/VO0x2HSgcWlbgqXAXv0oQsomyU/bPdHdNniE2S8K6ioeupneXXCnFrQ1mdc8bl1wY9RIBAaFXTC2BKz5hBvjEfg2mPAIqKTpor+j7a8Ac2iyoqciZwAFHjJDNKVRzpQGN+MvxC72i3uEqXq/W/HWS9CK4m1+1FRhnzX5fWuNebKTXBWr9zroDOEMgPrtLt7xiVhRFDbdTNv9zJntVfOUXZeOOBHszie4cBLzuLA6pIHM5EC11uAG57xWImYHRfG/uT17b6xcyX/kQJuQzUtr42E0FSMK0132VldjbI+OnmMV24h0rLoZBKUYo9Ui0S6gQhazO7Bvt9e5jtR68K6CwjJ/IxsB7UWq+8LS+IdrGuETZnGXoAZfYwnvw7ZnN/CuDbs2vNNWi1IgGPQdQRZTqYqwjxBzt4lQPWSOCdKTM3Fst9lFD2PNVrQuZl2kkjpZCJRybX49LRprpVU4WkdcrYmf4g7s8xmzDy46Mv6tHPfd7JGRguHXLSLRasEEwf//IBx5gVImmg+n5GgQm8mfxsbbGCwfzsh0UcrLwNkhTov/KWxJ0jPb1TmNdxi5fc2QYaMb5OOKzGjdP297yNdaFjCmZmhW6L4FzILQ== chris@chris1"
            },
            "metadata_options": [
              {
                "aws_v1_http_endpoint": 1,
                "aws_v1_http_token": 2,
                "gce_http_endpoint": 1,
                "gce_http_token": 1
              }
            ],
            "name": "srv",
            "network_acceleration_type": "standard",
            "network_interface": [
              {
                "dns_record": [],
                "index": 0,
                "ip_address": "10.0.0.3",
                "ipv4": true,
                "ipv6": false,
                "ipv6_address": "",
                "ipv6_dns_record": [],
                "mac_address": "d0:0d:64:50:a9:2e",
                "nat": true,
                "nat_dns_record": [],
                "nat_ip_address": "178.154.231.141",
                "nat_ip_version": "IPV4",
                "security_group_ids": null,
                "subnet_id": "e9bhjrn1blfgbam4ojse"
              }
            ],
            "placement_policy": [
              {
                "host_affinity_rules": [],
                "placement_group_id": "",
                "placement_group_partition": 0
              }
            ],
            "platform_id": "standard-v1",
            "resources": [
              {
                "core_fraction": 100,
                "cores": 2,
                "gpus": 0,
                "memory": 4
              }
            ],
            "scheduling_policy": [
              {
                "preemptible": true
              }
            ],
            "secondary_disk": [],
            "service_account_id": "",
            "status": "running",
            "timeouts": null,
            "zone": "ru-central1-a"
          },
          "sensitive_attributes": [],
          "private": "eyJlMmJmYjczMC1lY2FhLTExZTYtOGY4OC0zNDM2M2JjN2M0YzAiOnsiY3JlYXRlIjozMDAwMDAwMDAwMDAsImRlbGV0ZSI6MzAwMDAwMDAwMDAwLCJ1cGRhdGUiOjMwMDAwMDAwMDAwMH0sInNjaGVtYV92ZXJzaW9uIjoiMSJ9",
          "dependencies": [
            "yandex_vpc_subnet.subnet"
          ]
        }
      ]
    },
    {
      "mode": "managed",
      "type": "yandex_vpc_network",
      "name": "net",
      "provider": "provider[\"registry.terraform.io/yandex-cloud/yandex\"]",
      "instances": [
        {
          "schema_version": 0,
          "attributes": {
            "created_at": "2026-01-15T14:11:29Z",
            "default_security_group_id": "enpsvmk49040qn54pai7",
            "description": "",
            "folder_id": "b1g3ag04edhdhiulkvju",
            "id": "enpg4ffq3g20md08hb5r",
            "labels": {},
            "name": "devops-net",
            "subnet_ids": [
              "e9bhjrn1blfgbam4ojse"
            ],
            "timeouts": null
          },
          "sensitive_attributes": [],
          "private": "eyJlMmJmYjczMC1lY2FhLTExZTYtOGY4OC0zNDM2M2JjN2M0YzAiOnsiY3JlYXRlIjo2MDAwMDAwMDAwMCwiZGVsZXRlIjo2MDAwMDAwMDAwMCwidXBkYXRlIjo2MDAwMDAwMDAwMH19"
        }
      ]
    },
    {
      "mode": "managed",
      "type": "yandex_vpc_subnet",
      "name": "subnet",
      "provider": "provider[\"registry.terraform.io/yandex-cloud/yandex\"]",
      "instances": [
        {
          "schema_version": 0,
          "attributes": {
            "created_at": "2026-01-15T14:11:32Z",
            "description": "",
            "dhcp_options": [],
            "folder_id": "b1g3ag04edhdhiulkvju",
            "id": "e9bhjrn1blfgbam4ojse",
            "labels": {},
            "name": "devops-subnet",
            "network_id": "enpg4ffq3g20md08hb5r",
            "route_table_id": "",
            "timeouts": null,
            "v4_cidr_blocks": [
              "10.0.0.0/24"
            ],
            "v6_cidr_blocks": [],
            "zone": "ru-central1-a"
          },
          "sensitive_attributes": [],
          "private": "eyJlMmJmYjczMC1lY2FhLTExZTYtOGY4OC0zNDM2M2JjN2M0YzAiOnsiY3JlYXRlIjoxODAwMDAwMDAwMDAsImRlbGV0ZSI6MTgwMDAwMDAwMDAwLCJ1cGRhdGUiOjE4MDAwMDAwMDAwMH19",
          "dependencies": [
            "yandex_vpc_network.net"
          ]
        }
      ]
    }
  ],
  "check_results": null
}
